
Microsoft Visual Studio Solution File, Format Version 12.00
Project("{FAE04EC0-301F-11D3-BF4B-00C04F79EFBC}") = "Api", "Api\Api.csproj", "{6A8A08A7-2A60-4E8F-83F9-E29D607B7165}"
EndProject
Project("{FAE04EC0-301F-11D3-BF4B-00C04F79EFBC}") = "Core", "Core\Core.csproj", "{2BB47E7D-13E1-4F4F-96A4-DE5CB96F3298}"
EndProject
Project("{FAE04EC0-301F-11D3-BF4B-00C04F79EFBC}") = "Tests", "Tests\Tests.csproj", "{A5578B87-4DEE-4FAD-9210-AA561774EC43}"
EndProject
Global
	GlobalSection(SolutionConfigurationPlatforms) = preSolution
		Debug|Any CPU = Debug|Any CPU
		Release|Any CPU = Release|Any CPU
	EndGlobalSection
	GlobalSection(ProjectConfigurationPlatforms) = postSolution
		{6A8A08A7-2A60-4E8F-83F9-E29D607B7165}.Debug|Any CPU.ActiveCfg = Debug|Any CPU
		{6A8A08A7-2A60-4E8F-83F9-E29D607B7165}.Debug|Any CPU.Build.0 = Debug|Any CPU
		{6A8A08A7-2A60-4E8F-83F9-E29D607B7165}.Release|Any CPU.ActiveCfg = Release|Any CPU
		{6A8A08A7-2A60-4E8F-83F9-E29D607B7165}.Release|Any CPU.Build.0 = Release|Any CPU
		{2BB47E7D-13E1-4F4F-96A4-DE5CB96F3298}.Debug|Any CPU.ActiveCfg = Debug|Any CPU
		{2BB47E7D-13E1-4F4F-96A4-DE5CB96F3298}.Debug|Any CPU.Build.0 = Debug|Any CPU
		{2BB47E7D-13E1-4F4F-96A4-DE5CB96F3298}.Release|Any CPU.ActiveCfg = Release|Any CPU
		{2BB47E7D-13E1-4F4F-96A4-DE5CB96F3298}.Release|Any CPU.Build.0 = Release|Any CPU
		{A5578B87-4DEE-4FAD-9210-AA561774EC43}.Debug|Any CPU.ActiveCfg = Debug|Any CPU
		{A5578B87-4DEE-4FAD-9210-AA561774EC43}.Debug|Any CPU.Build.0 = Debug|Any CPU
		{A5578B87-4DEE-4FAD-9210-AA561774EC43}.Release|Any CPU.ActiveCfg = Release|Any CPU
		{A5578B87-4DEE-4FAD-9210-AA561774EC43}.Release|Any CPU.Build.0 = Release|Any CPU
	EndGlobalSection
EndGlobal
